// !$*UTF8*$!
{
	archiveVersion = 1;
	classes = {
	};
	objectVersion = 46;
	objects = {

/* Begin PBXBuildFile section */
		49222A1C1EEC6A7300EE4F26 /* Constants.swift in Sources */ = {isa = PBXBuildFile; fileRef = 49222A1B1EEC6A7300EE4F26 /* Constants.swift */; };
		49222A1E1EEC777900EE4F26 /* FlickrAPIClient.swift in Sources */ = {isa = PBXBuildFile; fileRef = 49222A1D1EEC777900EE4F26 /* FlickrAPIClient.swift */; };
		49222A201EEC95B600EE4F26 /* FlickrAPI.swift in Sources */ = {isa = PBXBuildFile; fileRef = 49222A1F1EEC95B600EE4F26 /* FlickrAPI.swift */; };
		4955113F1EE8CDB400B46D3D /* AppDelegate.swift in Sources */ = {isa = PBXBuildFile; fileRef = 4955113E1EE8CDB400B46D3D /* AppDelegate.swift */; };
		495511411EE8CDB400B46D3D /* MapViewController.swift in Sources */ = {isa = PBXBuildFile; fileRef = 495511401EE8CDB400B46D3D /* MapViewController.swift */; };
		495511441EE8CDB400B46D3D /* Main.storyboard in Resources */ = {isa = PBXBuildFile; fileRef = 495511421EE8CDB400B46D3D /* Main.storyboard */; };
		495511461EE8CDB400B46D3D /* Assets.xcassets in Resources */ = {isa = PBXBuildFile; fileRef = 495511451EE8CDB400B46D3D /* Assets.xcassets */; };
		495511491EE8CDB400B46D3D /* LaunchScreen.storyboard in Resources */ = {isa = PBXBuildFile; fileRef = 495511471EE8CDB400B46D3D /* LaunchScreen.storyboard */; };
		495511511EE8E1A500B46D3D /* PhotoAlbumViewController.swift in Sources */ = {isa = PBXBuildFile; fileRef = 495511501EE8E1A500B46D3D /* PhotoAlbumViewController.swift */; };
		497241271EEDA91B008016A5 /* CoreDataStack.swift in Sources */ = {isa = PBXBuildFile; fileRef = 497241261EEDA91B008016A5 /* CoreDataStack.swift */; };
		4972412A1EEDAC96008016A5 /* Model.xcdatamodeld in Sources */ = {isa = PBXBuildFile; fileRef = 497241281EEDAC96008016A5 /* Model.xcdatamodeld */; };
/* End PBXBuildFile section */

/* Begin PBXFileReference section */
		49222A1B1EEC6A7300EE4F26 /* Constants.swift */ = {isa = PBXFileReference; fileEncoding = 4; lastKnownFileType = sourcecode.swift; path = Constants.swift; sourceTree = "<group>"; };
		49222A1D1EEC777900EE4F26 /* FlickrAPIClient.swift */ = {isa = PBXFileReference; fileEncoding = 4; lastKnownFileType = sourcecode.swift; path = FlickrAPIClient.swift; sourceTree = "<group>"; };
		49222A1F1EEC95B600EE4F26 /* FlickrAPI.swift */ = {isa = PBXFileReference; fileEncoding = 4; lastKnownFileType = sourcecode.swift; path = FlickrAPI.swift; sourceTree = "<group>"; };
		4955113B1EE8CDB400B46D3D /* Virtual Tourist.app */ = {isa = PBXFileReference; explicitFileType = wrapper.application; includeInIndex = 0; path = "Virtual Tourist.app"; sourceTree = BUILT_PRODUCTS_DIR; };
		4955113E1EE8CDB400B46D3D /* AppDelegate.swift */ = {isa = PBXFileReference; lastKnownFileType = sourcecode.swift; path = AppDelegate.swift; sourceTree = "<group>"; };
		495511401EE8CDB400B46D3D /* MapViewController.swift */ = {isa = PBXFileReference; lastKnownFileType = sourcecode.swift; path = MapViewController.swift; sourceTree = "<group>"; };
		495511431EE8CDB400B46D3D /* Base */ = {isa = PBXFileReference; lastKnownFileType = file.storyboard; name = Base; path = Base.lproj/Main.storyboard; sourceTree = "<group>"; };
		495511451EE8CDB400B46D3D /* Assets.xcassets */ = {isa = PBXFileReference; lastKnownFileType = folder.assetcatalog; path = Assets.xcassets; sourceTree = "<group>"; };
		495511481EE8CDB400B46D3D /* Base */ = {isa = PBXFileReference; lastKnownFileType = file.storyboard; name = Base; path = Base.lproj/LaunchScreen.storyboard; sourceTree = "<group>"; };
		4955114A1EE8CDB400B46D3D /* Info.plist */ = {isa = PBXFileReference; lastKnownFileType = text.plist.xml; path = Info.plist; sourceTree = "<group>"; };
		495511501EE8E1A500B46D3D /* PhotoAlbumViewController.swift */ = {isa = PBXFileReference; fileEncoding = 4; lastKnownFileType = sourcecode.swift; path = PhotoAlbumViewController.swift; sourceTree = "<group>"; };
		497241261EEDA91B008016A5 /* CoreDataStack.swift */ = {isa = PBXFileReference; fileEncoding = 4; lastKnownFileType = sourcecode.swift; path = CoreDataStack.swift; sourceTree = "<group>"; };
		497241291EEDAC96008016A5 /* Model.xcdatamodel */ = {isa = PBXFileReference; lastKnownFileType = wrapper.xcdatamodel; path = Model.xcdatamodel; sourceTree = "<group>"; };
/* End PBXFileReference section */

/* Begin PBXFrameworksBuildPhase section */
		495511381EE8CDB400B46D3D /* Frameworks */ = {
			isa = PBXFrameworksBuildPhase;
			buildActionMask = 2147483647;
			files = (
			);
			runOnlyForDeploymentPostprocessing = 0;
		};
/* End PBXFrameworksBuildPhase section */

/* Begin PBXGroup section */
		495511321EE8CDB400B46D3D = {
			isa = PBXGroup;
			children = (
				4955113D1EE8CDB400B46D3D /* Virtual Tourist */,
				4955113C1EE8CDB400B46D3D /* Products */,
			);
			sourceTree = "<group>";
		};
		4955113C1EE8CDB400B46D3D /* Products */ = {
			isa = PBXGroup;
			children = (
				4955113B1EE8CDB400B46D3D /* Virtual Tourist.app */,
			);
			name = Products;
			sourceTree = "<group>";
		};
		4955113D1EE8CDB400B46D3D /* Virtual Tourist */ = {
			isa = PBXGroup;
			children = (
				4955113E1EE8CDB400B46D3D /* AppDelegate.swift */,
				497241281EEDAC96008016A5 /* Model.xcdatamodeld */,
				49222A1B1EEC6A7300EE4F26 /* Constants.swift */,
				495511401EE8CDB400B46D3D /* MapViewController.swift */,
				495511501EE8E1A500B46D3D /* PhotoAlbumViewController.swift */,
				497241261EEDA91B008016A5 /* CoreDataStack.swift */,
				49222A1F1EEC95B600EE4F26 /* FlickrAPI.swift */,
				495511421EE8CDB400B46D3D /* Main.storyboard */,
				495511451EE8CDB400B46D3D /* Assets.xcassets */,
				495511471EE8CDB400B46D3D /* LaunchScreen.storyboard */,
				4955114A1EE8CDB400B46D3D /* Info.plist */,
				49222A1D1EEC777900EE4F26 /* FlickrAPIClient.swift */,
			);
			path = "Virtual Tourist";
			sourceTree = "<group>";
		};
/* End PBXGroup section */

/* Begin PBXNativeTarget section */
		4955113A1EE8CDB400B46D3D /* Virtual Tourist */ = {
			isa = PBXNativeTarget;
			buildConfigurationList = 4955114D1EE8CDB400B46D3D /* Build configuration list for PBXNativeTarget "Virtual Tourist" */;
			buildPhases = (
				495511371EE8CDB400B46D3D /* Sources */,
				495511381EE8CDB400B46D3D /* Frameworks */,
				495511391EE8CDB400B46D3D /* Resources */,
			);
			buildRules = (
			);
			dependencies = (
			);
			name = "Virtual Tourist";
			productName = "Virtual Tourist";
			productReference = 4955113B1EE8CDB400B46D3D /* Virtual Tourist.app */;
			productType = "com.apple.product-type.application";
		};
/* End PBXNativeTarget section */

/* Begin PBXProject section */
		495511331EE8CDB400B46D3D /* Project object */ = {
			isa = PBXProject;
			attributes = {
				LastSwiftUpdateCheck = 0830;
				LastUpgradeCheck = 0830;
				ORGANIZATIONNAME = "Ash Duckett";
				TargetAttributes = {
					4955113A1EE8CDB400B46D3D = {
						CreatedOnToolsVersion = 8.3.2;
						ProvisioningStyle = Automatic;
					};
				};
			};
			buildConfigurationList = 495511361EE8CDB400B46D3D /* Build configuration list for PBXProject "Virtual Tourist" */;
			compatibilityVersion = "Xcode 3.2";
			developmentRegion = English;
			hasScannedForEncodings = 0;
			knownRegions = (
				en,
				Base,
			);
			mainGroup = 495511321EE8CDB400B46D3D;
			productRefGroup = 4955113C1EE8CDB400B46D3D /* Products */;
			projectDirPath = "";
			projectRoot = "";
			targets = (
				4955113A1EE8CDB400B46D3D /* Virtual Tourist */,
			);
		};
/* End PBXProject section */

/* Begin PBXResourcesBuildPhase section */
		495511391EE8CDB400B46D3D /* Resources */ = {
			isa = PBXResourcesBuildPhase;
			buildActionMask = 2147483647;
			files = (
				495511491EE8CDB400B46D3D /* LaunchScreen.storyboard in Resources */,
				495511461EE8CDB400B46D3D /* Assets.xcassets in Resources */,
				495511441EE8CDB400B46D3D /* Main.storyboard in Resources */,
			);
			runOnlyForDeploymentPostprocessing = 0;
		};
/* End PBXResourcesBuildPhase section */

/* Begin PBXSourcesBuildPhase section */
		495511371EE8CDB400B46D3D /* Sources */ = {
			isa = PBXSourcesBuildPhase;
			buildActionMask = 2147483647;
			files = (
				497241271EEDA91B008016A5 /* CoreDataStack.swift in Sources */,
				495511411EE8CDB400B46D3D /* MapViewController.swift in Sources */,
				4955113F1EE8CDB400B46D3D /* AppDelegate.swift in Sources */,
				4972412A1EEDAC96008016A5 /* Model.xcdatamodeld in Sources */,
				49222A1E1EEC777900EE4F26 /* FlickrAPIClient.swift in Sources */,
				49222A201EEC95B600EE4F26 /* FlickrAPI.swift in Sources */,
				495511511EE8E1A500B46D3D /* PhotoAlbumViewController.swift in Sources */,
				49222A1C1EEC6A7300EE4F26 /* Constants.swift in Sources */,
			);
			runOnlyForDeploymentPostprocessing = 0;
		};
/* End PBXSourcesBuildPhase section */

/* Begin PBXVariantGroup section */
		495511421EE8CDB400B46D3D /* Main.storyboard */ = {
			isa = PBXVariantGroup;
			children = (
				495511431EE8CDB400B46D3D /* Base */,
			);
			name = Main.storyboard;
			sourceTree = "<group>";
		};
		495511471EE8CDB400B46D3D /* LaunchScreen.storyboard */ = {
			isa = PBXVariantGroup;
			children = (
				495511481EE8CDB400B46D3D /* Base */,
			);
			name = LaunchScreen.storyboard;
			sourceTree = "<group>";
		};
/* End PBXVariantGroup section */

/* Begin XCBuildConfiguration section */
		4955114B1EE8CDB400B46D3D /* Debug */ = {
			isa = XCBuildConfiguration;
			buildSettings = {
				ALWAYS_SEARCH_USER_PATHS = NO;
				CLANG_ANALYZER_NONNULL = YES;
				CLANG_ANALYZER_NUMBER_OBJECT_CONVERSION = YES_AGGRESSIVE;
				CLANG_CXX_LANGUAGE_STANDARD = "gnu++0x";
				CLANG_CXX_LIBRARY = "libc++";
				CLANG_ENABLE_MODULES = YES;
				CLANG_ENABLE_OBJC_ARC = YES;
				CLANG_WARN_BOOL_CONVERSION = YES;
				CLANG_WARN_CONSTANT_CONVERSION = YES;
				CLANG_WARN_DIRECT_OBJC_ISA_USAGE = YES_ERROR;
				CLANG_WARN_DOCUMENTATION_COMMENTS = YES;
				CLANG_WARN_EMPTY_BODY = YES;
				CLANG_WARN_ENUM_CONVERSION = YES;
				CLANG_WARN_INFINITE_RECURSION = YES;
				CLANG_WARN_INT_CONVERSION = YES;
				CLANG_WARN_OBJC_ROOT_CLASS = YES_ERROR;
				CLANG_WARN_SUSPICIOUS_MOVE = YES;
				CLANG_WARN_UNREACHABLE_CODE = YES;
				CLANG_WARN__DUPLICATE_METHOD_MATCH = YES;
				"CODE_SIGN_IDENTITY[sdk=iphoneos*]" = "iPhone Developer";
				COPY_PHASE_STRIP = NO;
				DEBUG_INFORMATION_FORMAT = dwarf;
				ENABLE_STRICT_OBJC_MSGSEND = YES;
				ENABLE_TESTABILITY = YES;
				GCC_C_LANGUAGE_STANDARD = gnu99;
				GCC_DYNAMIC_NO_PIC = NO;
				GCC_NO_COMMON_BLOCKS = YES;
				GCC_OPTIMIZATION_LEVEL = 0;
				GCC_PREPROCESSOR_DEFINITIONS = (
					"DEBUG=1",
					"$(inherited)",
				);
				GCC_WARN_64_TO_32_BIT_CONVERSION = YES;
				GCC_WARN_ABOUT_RETURN_TYPE = YES_ERROR;
				GCC_WARN_UNDECLARED_SELECTOR = YES;
				GCC_WARN_UNINITIALIZED_AUTOS = YES_AGGRESSIVE;
				GCC_WARN_UNUSED_FUNCTION = YES;
				GCC_WARN_UNUSED_VARIABLE = YES;
				IPHONEOS_DEPLOYMENT_TARGET = 10.3;
				MTL_ENABLE_DEBUG_INFO = YES;
				ONLY_ACTIVE_ARCH = YES;
				SDKROOT = iphoneos;
				SWIFT_ACTIVE_COMPILATION_CONDITIONS = DEBUG;
				SWIFT_OPTIMIZATION_LEVEL = "-Onone";
			};
			name = Debug;
		};
		4955114C1EE8CDB400B46D3D /* Release */ = {
			isa = XCBuildConfiguration;
			buildSettings = {
				ALWAYS_SEARCH_USER_PATHS = NO;
				CLANG_ANALYZER_NONNULL = YES;
				CLANG_ANALYZER_NUMBER_OBJECT_CONVERSION = YES_AGGRESSIVE;
				CLANG_CXX_LANGUAGE_STANDARD = "gnu++0x";
				CLANG_CXX_LIBRARY = "libc++";
				CLANG_ENABLE_MODULES = YES;
				CLANG_ENABLE_OBJC_ARC = YES;
				CLANG_WARN_BOOL_CONVERSION = YES;
				CLANG_WARN_CONSTANT_CONVERSION = YES;
				CLANG_WARN_DIRECT_OBJC_ISA_USAGE = YES_ERROR;
				CLANG_WARN_DOCUMENTATION_COMMENTS = YES;
				CLANG_WARN_EMPTY_BODY = YES;
				CLANG_WARN_ENUM_CONVERSION = YES;
				CLANG_WARN_INFINITE_RECURSION = YES;
				CLANG_WARN_INT_CONVERSION = YES;
				CLANG_WARN_OBJC_ROOT_CLASS = YES_ERROR;
				CLANG_WARN_SUSPICIOUS_MOVE = YES;
				CLANG_WARN_UNREACHABLE_CODE = YES;
				CLANG_WARN__DUPLICATE_METHOD_MATCH = YES;
				"CODE_SIGN_IDENTITY[sdk=iphoneos*]" = "iPhone Developer";
				COPY_PHASE_STRIP = NO;
				DEBUG_INFORMATION_FORMAT = "dwarf-with-dsym";
				ENABLE_NS_ASSERTIONS = NO;
				ENABLE_STRICT_OBJC_MSGSEND = YES;
				GCC_C_LANGUAGE_STANDARD = gnu99;
				GCC_NO_COMMON_BLOCKS = YES;
				GCC_WARN_64_TO_32_BIT_CONVERSION = YES;
				GCC_WARN_ABOUT_RETURN_TYPE = YES_ERROR;
				GCC_WARN_UNDECLARED_SELECTOR = YES;
				GCC_WARN_UNINITIALIZED_AUTOS = YES_AGGRESSIVE;
				GCC_WARN_UNUSED_FUNCTION = YES;
				GCC_WARN_UNUSED_VARIABLE = YES;
				IPHONEOS_DEPLOYMENT_TARGET = 10.3;
				MTL_ENABLE_DEBUG_INFO = NO;
				SDKROOT = iphoneos;
				SWIFT_OPTIMIZATION_LEVEL = "-Owholemodule";
				VALIDATE_PRODUCT = YES;
			};
			name = Release;
		};
		4955114E1EE8CDB400B46D3D /* Debug */ = {
			isa = XCBuildConfiguration;
			buildSettings = {
				ASSETCATALOG_COMPILER_APPICON_NAME = AppIcon;
				INFOPLIST_FILE = "Virtual Tourist/Info.plist";
				LD_RUNPATH_SEARCH_PATHS = "$(inherited) @executable_path/Frameworks";
				PRODUCT_BUNDLE_IDENTIFIER = "com.ashduckett.Virtual-Tourist";
				PRODUCT_NAME = "$(TARGET_NAME)";
				SWIFT_VERSION = 3.0;
			};
			name = Debug;
		};
		4955114F1EE8CDB400B46D3D /* Release */ = {
			isa = XCBuildConfiguration;
			buildSettings = {
				ASSETCATALOG_COMPILER_APPICON_NAME = AppIcon;
				INFOPLIST_FILE = "Virtual Tourist/Info.plist";
				LD_RUNPATH_SEARCH_PATHS = "$(inherited) @executable_path/Frameworks";
				PRODUCT_BUNDLE_IDENTIFIER = "com.ashduckett.Virtual-Tourist";
				PRODUCT_NAME = "$(TARGET_NAME)";
				SWIFT_VERSION = 3.0;
			};
			name = Release;
		};
/* End XCBuildConfiguration section */

/* Begin XCConfigurationList section */
		495511361EE8CDB400B46D3D /* Build configuration list for PBXProject "Virtual Tourist" */ = {
			isa = XCConfigurationList;
			buildConfigurations = (
				4955114B1EE8CDB400B46D3D /* Debug */,
				4955114C1EE8CDB400B46D3D /* Release */,
			);
			defaultConfigurationIsVisible = 0;
			defaultConfigurationName = Release;
		};
		4955114D1EE8CDB400B46D3D /* Build configuration list for PBXNativeTarget "Virtual Tourist" */ = {
			isa = XCConfigurationList;
			buildConfigurations = (
				4955114E1EE8CDB400B46D3D /* Debug */,
				4955114F1EE8CDB400B46D3D /* Release */,
			);
			defaultConfigurationIsVisible = 0;
			defaultConfigurationName = Release;
		};
/* End XCConfigurationList section */

/* Begin XCVersionGroup section */
		497241281EEDAC96008016A5 /* Model.xcdatamodeld */ = {
			isa = XCVersionGroup;
			children = (
				497241291EEDAC96008016A5 /* Model.xcdatamodel */,
			);
			currentVersion = 497241291EEDAC96008016A5 /* Model.xcdatamodel */;
			path = Model.xcdatamodeld;
			sourceTree = "<group>";
			versionGroupType = wrapper.xcdatamodel;
		};
/* End XCVersionGroup section */
	};
	rootObject = 495511331EE8CDB400B46D3D /* Project object */;
}
